
Microsoft Visual Studio Solution File, Format Version 12.00
Project("{FAE04EC0-301F-11D3-BF4B-00C04F79EFBC}") = "Common.Mod", "Common.Mod\Common.Mod.csproj", "{FC2E7AD5-81A7-46CD-A6B8-56FF8B4420D7}"
EndProject
Project("{FAE04EC0-301F-11D3-BF4B-00C04F79EFBC}") = "Common.Mod.Generator", "Common.Mod.Generator\Common.Mod.Generator.csproj", "{39A907C5-A88E-4B57-9852-57C18329DFD0}"
EndProject
Project("{FAE04EC0-301F-11D3-BF4B-00C04F79EFBC}") = "Common.Mod.Cake", "Common.Mod.Cake\Common.Mod.Cake.csproj", "{150B0DAA-8BBE-49F4-86DB-5A96A99E8216}"
EndProject
Project("{FAE04EC0-301F-11D3-BF4B-00C04F79EFBC}") = "Common.Mod.Example", "Common.Mod.Example\Common.Mod.Example.csproj", "{FFD7B6F9-BF49-4536-86A5-A25BE09F6753}"
EndProject
Global
	GlobalSection(SolutionConfigurationPlatforms) = preSolution
		Debug|Any CPU = Debug|Any CPU
		Release|Any CPU = Release|Any CPU
	EndGlobalSection
	GlobalSection(ProjectConfigurationPlatforms) = postSolution
		{FC2E7AD5-81A7-46CD-A6B8-56FF8B4420D7}.Debug|Any CPU.ActiveCfg = Debug|Any CPU
		{FC2E7AD5-81A7-46CD-A6B8-56FF8B4420D7}.Debug|Any CPU.Build.0 = Debug|Any CPU
		{FC2E7AD5-81A7-46CD-A6B8-56FF8B4420D7}.Release|Any CPU.ActiveCfg = Release|Any CPU
		{FC2E7AD5-81A7-46CD-A6B8-56FF8B4420D7}.Release|Any CPU.Build.0 = Release|Any CPU
		{39A907C5-A88E-4B57-9852-57C18329DFD0}.Debug|Any CPU.ActiveCfg = Debug|Any CPU
		{39A907C5-A88E-4B57-9852-57C18329DFD0}.Debug|Any CPU.Build.0 = Debug|Any CPU
		{39A907C5-A88E-4B57-9852-57C18329DFD0}.Release|Any CPU.ActiveCfg = Release|Any CPU
		{39A907C5-A88E-4B57-9852-57C18329DFD0}.Release|Any CPU.Build.0 = Release|Any CPU
		{150B0DAA-8BBE-49F4-86DB-5A96A99E8216}.Debug|Any CPU.ActiveCfg = Debug|Any CPU
		{150B0DAA-8BBE-49F4-86DB-5A96A99E8216}.Debug|Any CPU.Build.0 = Debug|Any CPU
		{150B0DAA-8BBE-49F4-86DB-5A96A99E8216}.Release|Any CPU.ActiveCfg = Release|Any CPU
		{150B0DAA-8BBE-49F4-86DB-5A96A99E8216}.Release|Any CPU.Build.0 = Release|Any CPU
		{FFD7B6F9-BF49-4536-86A5-A25BE09F6753}.Debug|Any CPU.ActiveCfg = Debug|Any CPU
		{FFD7B6F9-BF49-4536-86A5-A25BE09F6753}.Debug|Any CPU.Build.0 = Debug|Any CPU
		{FFD7B6F9-BF49-4536-86A5-A25BE09F6753}.Release|Any CPU.ActiveCfg = Release|Any CPU
		{FFD7B6F9-BF49-4536-86A5-A25BE09F6753}.Release|Any CPU.Build.0 = Release|Any CPU
	EndGlobalSection
EndGlobal
